
Microsoft Visual Studio Solution File, Format Version 12.00
# Visual Studio Version 16
VisualStudioVersion = 16.0.29709.97
MinimumVisualStudioVersion = 10.0.40219.1
Project("{FAE04EC0-301F-11D3-BF4B-00C04F79EFBC}") = "StorageMaster", "StorageMaster.csproj", "{AE46980A-8A0B-49C7-BDA6-7B1C925F1071}"
EndProject
Global
	GlobalSection(SolutionConfigurationPlatforms) = preSolution
		Debug|Any CPU = Debug|Any CPU
		Release|Any CPU = Release|Any CPU
	EndGlobalSection
	GlobalSection(ProjectConfigurationPlatforms) = postSolution
		{AE46980A-8A0B-49C7-BDA6-7B1C925F1071}.Debug|Any CPU.ActiveCfg = Debug|Any CPU
		{AE46980A-8A0B-49C7-BDA6-7B1C925F1071}.Debug|Any CPU.Build.0 = Debug|Any CPU
		{AE46980A-8A0B-49C7-BDA6-7B1C925F1071}.Release|Any CPU.ActiveCfg = Release|Any CPU
		{AE46980A-8A0B-49C7-BDA6-7B1C925F1071}.Release|Any CPU.Build.0 = Release|Any CPU
	EndGlobalSection
	GlobalSection(SolutionProperties) = preSolution
		HideSolutionNode = FALSE
	EndGlobalSection
	GlobalSection(ExtensibilityGlobals) = postSolution
		SolutionGuid = {986EE050-60A5-4073-87A3-BDCC1325A779}
	EndGlobalSection
EndGlobal
